
Microsoft Visual Studio Solution File, Format Version 12.00
# Visual Studio Version 17
VisualStudioVersion = 17.2.32516.85
MinimumVisualStudioVersion = 10.0.40219.1
Project("{FAE04EC0-301F-11D3-BF4B-00C04F79EFBC}") = "Schumacher", "Schumacher\Schumacher.csproj", "{8AC97285-1002-4D55-B2FD-649CACA4BC2D}"
EndProject
Global
	GlobalSection(SolutionConfigurationPlatforms) = preSolution
		Debug|Any CPU = Debug|Any CPU
		Release|Any CPU = Release|Any CPU
	EndGlobalSection
	GlobalSection(ProjectConfigurationPlatforms) = postSolution
		{8AC97285-1002-4D55-B2FD-649CACA4BC2D}.Debug|Any CPU.ActiveCfg = Debug|Any CPU
		{8AC97285-1002-4D55-B2FD-649CACA4BC2D}.Debug|Any CPU.Build.0 = Debug|Any CPU
		{8AC97285-1002-4D55-B2FD-649CACA4BC2D}.Release|Any CPU.ActiveCfg = Release|Any CPU
		{8AC97285-1002-4D55-B2FD-649CACA4BC2D}.Release|Any CPU.Build.0 = Release|Any CPU
	EndGlobalSection
	GlobalSection(SolutionProperties) = preSolution
		HideSolutionNode = FALSE
	EndGlobalSection
	GlobalSection(ExtensibilityGlobals) = postSolution
		SolutionGuid = {92355FCC-3DE6-46B6-A410-D76B52830D2E}
	EndGlobalSection
EndGlobal
